
Microsoft Visual Studio Solution File, Format Version 12.00
# Visual Studio Version 17
VisualStudioVersion = 17.1.32319.34
MinimumVisualStudioVersion = 10.0.40219.1
Project("{9A19103F-16F7-4668-BE54-9A1E7A4F7556}") = "Demo.API", "Demo.API\Demo.API.csproj", "{5C0DFFFB-CBBD-496D-9B39-9E614DA0A2F7}"
EndProject
Project("{9A19103F-16F7-4668-BE54-9A1E7A4F7556}") = "Demo.Entity", "Demo.Entity\Demo.Entity.csproj", "{C86E2363-F458-4B53-89C1-4A304410D806}"
EndProject
Project("{9A19103F-16F7-4668-BE54-9A1E7A4F7556}") = "Services", "Services\Services.csproj", "{89D8B5CE-CE76-48DD-8052-4D62B85DD3E5}"
EndProject
Project("{FAE04EC0-301F-11D3-BF4B-00C04F79EFBC}") = "Infrastructure", "Infrastructure\Infrastructure.csproj", "{CF878996-36E7-4666-A47C-02CF2B6DB16C}"
EndProject
Global
	GlobalSection(SolutionConfigurationPlatforms) = preSolution
		Debug|Any CPU = Debug|Any CPU
		Release|Any CPU = Release|Any CPU
	EndGlobalSection
	GlobalSection(ProjectConfigurationPlatforms) = postSolution
		{5C0DFFFB-CBBD-496D-9B39-9E614DA0A2F7}.Debug|Any CPU.ActiveCfg = Debug|Any CPU
		{5C0DFFFB-CBBD-496D-9B39-9E614DA0A2F7}.Debug|Any CPU.Build.0 = Debug|Any CPU
		{5C0DFFFB-CBBD-496D-9B39-9E614DA0A2F7}.Release|Any CPU.ActiveCfg = Release|Any CPU
		{5C0DFFFB-CBBD-496D-9B39-9E614DA0A2F7}.Release|Any CPU.Build.0 = Release|Any CPU
		{C86E2363-F458-4B53-89C1-4A304410D806}.Debug|Any CPU.ActiveCfg = Debug|Any CPU
		{C86E2363-F458-4B53-89C1-4A304410D806}.Debug|Any CPU.Build.0 = Debug|Any CPU
		{C86E2363-F458-4B53-89C1-4A304410D806}.Release|Any CPU.ActiveCfg = Release|Any CPU
		{C86E2363-F458-4B53-89C1-4A304410D806}.Release|Any CPU.Build.0 = Release|Any CPU
		{89D8B5CE-CE76-48DD-8052-4D62B85DD3E5}.Debug|Any CPU.ActiveCfg = Debug|Any CPU
		{89D8B5CE-CE76-48DD-8052-4D62B85DD3E5}.Debug|Any CPU.Build.0 = Debug|Any CPU
		{89D8B5CE-CE76-48DD-8052-4D62B85DD3E5}.Release|Any CPU.ActiveCfg = Release|Any CPU
		{89D8B5CE-CE76-48DD-8052-4D62B85DD3E5}.Release|Any CPU.Build.0 = Release|Any CPU
		{CF878996-36E7-4666-A47C-02CF2B6DB16C}.Debug|Any CPU.ActiveCfg = Debug|Any CPU
		{CF878996-36E7-4666-A47C-02CF2B6DB16C}.Debug|Any CPU.Build.0 = Debug|Any CPU
		{CF878996-36E7-4666-A47C-02CF2B6DB16C}.Release|Any CPU.ActiveCfg = Release|Any CPU
		{CF878996-36E7-4666-A47C-02CF2B6DB16C}.Release|Any CPU.Build.0 = Release|Any CPU
	EndGlobalSection
	GlobalSection(SolutionProperties) = preSolution
		HideSolutionNode = FALSE
	EndGlobalSection
	GlobalSection(ExtensibilityGlobals) = postSolution
		SolutionGuid = {F906A4AE-CDF5-4B29-8375-8F467FD86AD0}
	EndGlobalSection
EndGlobal
